
Microsoft Visual Studio Solution File, Format Version 12.00
# Visual Studio Version 17
VisualStudioVersion = 17.0.31903.59
MinimumVisualStudioVersion = 10.0.40219.1
Project("{2150E333-8FDC-42A3-9474-1A3956D46DE8}") = "src", "src", "{A1521F5E-180F-40D7-BF00-95FD87E02A86}"
EndProject
Project("{2150E333-8FDC-42A3-9474-1A3956D46DE8}") = "modules", "modules", "{405C6A98-0A71-4068-A79D-7C33212F8B19}"
EndProject
Project("{FAE04EC0-301F-11D3-BF4B-00C04F79EFBC}") = "System.Api", "src\System.Api\System.Api.csproj", "{E5732072-5C7E-41A0-8D9B-0692E5E63CD4}"
EndProject
Project("{FAE04EC0-301F-11D3-BF4B-00C04F79EFBC}") = "Common", "src\Common\Common.csproj", "{1D4483B1-A1F5-4EC5-8644-9BBF570B579D}"
EndProject
Project("{FAE04EC0-301F-11D3-BF4B-00C04F79EFBC}") = "Module.Auth", "src\modules\Module.Auth\Module.Auth.csproj", "{98E21F34-B81D-4CA6-9F3B-4E58B43A9ED9}"
EndProject
Project("{FAE04EC0-301F-11D3-BF4B-00C04F79EFBC}") = "Module.Inventory", "src\modules\Module.Inventory\Module.Inventory.csproj", "{3A2815C0-8A95-466F-977B-28D7D06A6625}"
EndProject
Project("{FAE04EC0-301F-11D3-BF4B-00C04F79EFBC}") = "Module.Sales", "src\modules\Module.Sales\Module.Sales.csproj", "{36CE95AF-4015-4CB8-9594-E138DDEC05F4}"
EndProject
Project("{2150E333-8FDC-42A3-9474-1A3956D46DE8}") = "test", "test", "{0C5269DE-00F8-FCAC-0487-7E5BFE9EAF06}"
EndProject
Project("{FAE04EC0-301F-11D3-BF4B-00C04F79EFBC}") = "Test.Auth", "tests\Test.Auth\Test.Auth.csproj", "{34ECB994-3C9A-451F-BBB5-36EB024120B2}"
EndProject
Project("{FAE04EC0-301F-11D3-BF4B-00C04F79EFBC}") = "Test.Inventory", "tests\Test.Inventory\Test.Inventory.csproj", "{73D438DA-BDCA-473E-B762-4676195F93FB}"
EndProject
Project("{FAE04EC0-301F-11D3-BF4B-00C04F79EFBC}") = "Test.Sales", "tests\Test.Sales\Test.Sales.csproj", "{CD34FFFD-AF4A-460A-BEE5-5C813B43D24A}"
EndProject
Global
	GlobalSection(SolutionConfigurationPlatforms) = preSolution
		Debug|Any CPU = Debug|Any CPU
		Debug|x64 = Debug|x64
		Debug|x86 = Debug|x86
		Release|Any CPU = Release|Any CPU
		Release|x64 = Release|x64
		Release|x86 = Release|x86
	EndGlobalSection
	GlobalSection(ProjectConfigurationPlatforms) = postSolution
		{E5732072-5C7E-41A0-8D9B-0692E5E63CD4}.Debug|Any CPU.ActiveCfg = Debug|Any CPU
		{E5732072-5C7E-41A0-8D9B-0692E5E63CD4}.Debug|Any CPU.Build.0 = Debug|Any CPU
		{E5732072-5C7E-41A0-8D9B-0692E5E63CD4}.Debug|x64.ActiveCfg = Debug|Any CPU
		{E5732072-5C7E-41A0-8D9B-0692E5E63CD4}.Debug|x64.Build.0 = Debug|Any CPU
		{E5732072-5C7E-41A0-8D9B-0692E5E63CD4}.Debug|x86.ActiveCfg = Debug|Any CPU
		{E5732072-5C7E-41A0-8D9B-0692E5E63CD4}.Debug|x86.Build.0 = Debug|Any CPU
		{E5732072-5C7E-41A0-8D9B-0692E5E63CD4}.Release|Any CPU.ActiveCfg = Release|Any CPU
		{E5732072-5C7E-41A0-8D9B-0692E5E63CD4}.Release|Any CPU.Build.0 = Release|Any CPU
		{E5732072-5C7E-41A0-8D9B-0692E5E63CD4}.Release|x64.ActiveCfg = Release|Any CPU
		{E5732072-5C7E-41A0-8D9B-0692E5E63CD4}.Release|x64.Build.0 = Release|Any CPU
		{E5732072-5C7E-41A0-8D9B-0692E5E63CD4}.Release|x86.ActiveCfg = Release|Any CPU
		{E5732072-5C7E-41A0-8D9B-0692E5E63CD4}.Release|x86.Build.0 = Release|Any CPU
		{1D4483B1-A1F5-4EC5-8644-9BBF570B579D}.Debug|Any CPU.ActiveCfg = Debug|Any CPU
		{1D4483B1-A1F5-4EC5-8644-9BBF570B579D}.Debug|Any CPU.Build.0 = Debug|Any CPU
		{1D4483B1-A1F5-4EC5-8644-9BBF570B579D}.Debug|x64.ActiveCfg = Debug|Any CPU
		{1D4483B1-A1F5-4EC5-8644-9BBF570B579D}.Debug|x64.Build.0 = Debug|Any CPU
		{1D4483B1-A1F5-4EC5-8644-9BBF570B579D}.Debug|x86.ActiveCfg = Debug|Any CPU
		{1D4483B1-A1F5-4EC5-8644-9BBF570B579D}.Debug|x86.Build.0 = Debug|Any CPU
		{1D4483B1-A1F5-4EC5-8644-9BBF570B579D}.Release|Any CPU.ActiveCfg = Release|Any CPU
		{1D4483B1-A1F5-4EC5-8644-9BBF570B579D}.Release|Any CPU.Build.0 = Release|Any CPU
		{1D4483B1-A1F5-4EC5-8644-9BBF570B579D}.Release|x64.ActiveCfg = Release|Any CPU
		{1D4483B1-A1F5-4EC5-8644-9BBF570B579D}.Release|x64.Build.0 = Release|Any CPU
		{1D4483B1-A1F5-4EC5-8644-9BBF570B579D}.Release|x86.ActiveCfg = Release|Any CPU
		{1D4483B1-A1F5-4EC5-8644-9BBF570B579D}.Release|x86.Build.0 = Release|Any CPU
		{98E21F34-B81D-4CA6-9F3B-4E58B43A9ED9}.Debug|Any CPU.ActiveCfg = Debug|Any CPU
		{98E21F34-B81D-4CA6-9F3B-4E58B43A9ED9}.Debug|Any CPU.Build.0 = Debug|Any CPU
		{98E21F34-B81D-4CA6-9F3B-4E58B43A9ED9}.Debug|x64.ActiveCfg = Debug|Any CPU
		{98E21F34-B81D-4CA6-9F3B-4E58B43A9ED9}.Debug|x64.Build.0 = Debug|Any CPU
		{98E21F34-B81D-4CA6-9F3B-4E58B43A9ED9}.Debug|x86.ActiveCfg = Debug|Any CPU
		{98E21F34-B81D-4CA6-9F3B-4E58B43A9ED9}.Debug|x86.Build.0 = Debug|Any CPU
		{98E21F34-B81D-4CA6-9F3B-4E58B43A9ED9}.Release|Any CPU.ActiveCfg = Release|Any CPU
		{98E21F34-B81D-4CA6-9F3B-4E58B43A9ED9}.Release|Any CPU.Build.0 = Release|Any CPU
		{98E21F34-B81D-4CA6-9F3B-4E58B43A9ED9}.Release|x64.ActiveCfg = Release|Any CPU
		{98E21F34-B81D-4CA6-9F3B-4E58B43A9ED9}.Release|x64.Build.0 = Release|Any CPU
		{98E21F34-B81D-4CA6-9F3B-4E58B43A9ED9}.Release|x86.ActiveCfg = Release|Any CPU
		{98E21F34-B81D-4CA6-9F3B-4E58B43A9ED9}.Release|x86.Build.0 = Release|Any CPU
		{3A2815C0-8A95-466F-977B-28D7D06A6625}.Debug|Any CPU.ActiveCfg = Debug|Any CPU
		{3A2815C0-8A95-466F-977B-28D7D06A6625}.Debug|Any CPU.Build.0 = Debug|Any CPU
		{3A2815C0-8A95-466F-977B-28D7D06A6625}.Debug|x64.ActiveCfg = Debug|Any CPU
		{3A2815C0-8A95-466F-977B-28D7D06A6625}.Debug|x64.Build.0 = Debug|Any CPU
		{3A2815C0-8A95-466F-977B-28D7D06A6625}.Debug|x86.ActiveCfg = Debug|Any CPU
		{3A2815C0-8A95-466F-977B-28D7D06A6625}.Debug|x86.Build.0 = Debug|Any CPU
		{3A2815C0-8A95-466F-977B-28D7D06A6625}.Release|Any CPU.ActiveCfg = Release|Any CPU
		{3A2815C0-8A95-466F-977B-28D7D06A6625}.Release|Any CPU.Build.0 = Release|Any CPU
		{3A2815C0-8A95-466F-977B-28D7D06A6625}.Release|x64.ActiveCfg = Release|Any CPU
		{3A2815C0-8A95-466F-977B-28D7D06A6625}.Release|x64.Build.0 = Release|Any CPU
		{3A2815C0-8A95-466F-977B-28D7D06A6625}.Release|x86.ActiveCfg = Release|Any CPU
		{3A2815C0-8A95-466F-977B-28D7D06A6625}.Release|x86.Build.0 = Release|Any CPU
		{36CE95AF-4015-4CB8-9594-E138DDEC05F4}.Debug|Any CPU.ActiveCfg = Debug|Any CPU
		{36CE95AF-4015-4CB8-9594-E138DDEC05F4}.Debug|Any CPU.Build.0 = Debug|Any CPU
		{36CE95AF-4015-4CB8-9594-E138DDEC05F4}.Debug|x64.ActiveCfg = Debug|Any CPU
		{36CE95AF-4015-4CB8-9594-E138DDEC05F4}.Debug|x64.Build.0 = Debug|Any CPU
		{36CE95AF-4015-4CB8-9594-E138DDEC05F4}.Debug|x86.ActiveCfg = Debug|Any CPU
		{36CE95AF-4015-4CB8-9594-E138DDEC05F4}.Debug|x86.Build.0 = Debug|Any CPU
		{36CE95AF-4015-4CB8-9594-E138DDEC05F4}.Release|Any CPU.ActiveCfg = Release|Any CPU
		{36CE95AF-4015-4CB8-9594-E138DDEC05F4}.Release|Any CPU.Build.0 = Release|Any CPU
		{36CE95AF-4015-4CB8-9594-E138DDEC05F4}.Release|x64.ActiveCfg = Release|Any CPU
		{36CE95AF-4015-4CB8-9594-E138DDEC05F4}.Release|x64.Build.0 = Release|Any CPU
		{36CE95AF-4015-4CB8-9594-E138DDEC05F4}.Release|x86.ActiveCfg = Release|Any CPU
		{36CE95AF-4015-4CB8-9594-E138DDEC05F4}.Release|x86.Build.0 = Release|Any CPU
		{34ECB994-3C9A-451F-BBB5-36EB024120B2}.Debug|Any CPU.ActiveCfg = Debug|Any CPU
		{34ECB994-3C9A-451F-BBB5-36EB024120B2}.Debug|Any CPU.Build.0 = Debug|Any CPU
		{34ECB994-3C9A-451F-BBB5-36EB024120B2}.Debug|x64.ActiveCfg = Debug|Any CPU
		{34ECB994-3C9A-451F-BBB5-36EB024120B2}.Debug|x64.Build.0 = Debug|Any CPU
		{34ECB994-3C9A-451F-BBB5-36EB024120B2}.Debug|x86.ActiveCfg = Debug|Any CPU
		{34ECB994-3C9A-451F-BBB5-36EB024120B2}.Debug|x86.Build.0 = Debug|Any CPU
		{34ECB994-3C9A-451F-BBB5-36EB024120B2}.Release|Any CPU.ActiveCfg = Release|Any CPU
		{34ECB994-3C9A-451F-BBB5-36EB024120B2}.Release|Any CPU.Build.0 = Release|Any CPU
		{34ECB994-3C9A-451F-BBB5-36EB024120B2}.Release|x64.ActiveCfg = Release|Any CPU
		{34ECB994-3C9A-451F-BBB5-36EB024120B2}.Release|x64.Build.0 = Release|Any CPU
		{34ECB994-3C9A-451F-BBB5-36EB024120B2}.Release|x86.ActiveCfg = Release|Any CPU
		{34ECB994-3C9A-451F-BBB5-36EB024120B2}.Release|x86.Build.0 = Release|Any CPU
		{73D438DA-BDCA-473E-B762-4676195F93FB}.Debug|Any CPU.ActiveCfg = Debug|Any CPU
		{73D438DA-BDCA-473E-B762-4676195F93FB}.Debug|Any CPU.Build.0 = Debug|Any CPU
		{73D438DA-BDCA-473E-B762-4676195F93FB}.Debug|x64.ActiveCfg = Debug|Any CPU
		{73D438DA-BDCA-473E-B762-4676195F93FB}.Debug|x64.Build.0 = Debug|Any CPU
		{73D438DA-BDCA-473E-B762-4676195F93FB}.Debug|x86.ActiveCfg = Debug|Any CPU
		{73D438DA-BDCA-473E-B762-4676195F93FB}.Debug|x86.Build.0 = Debug|Any CPU
		{73D438DA-BDCA-473E-B762-4676195F93FB}.Release|Any CPU.ActiveCfg = Release|Any CPU
		{73D438DA-BDCA-473E-B762-4676195F93FB}.Release|Any CPU.Build.0 = Release|Any CPU
		{73D438DA-BDCA-473E-B762-4676195F93FB}.Release|x64.ActiveCfg = Release|Any CPU
		{73D438DA-BDCA-473E-B762-4676195F93FB}.Release|x64.Build.0 = Release|Any CPU
		{73D438DA-BDCA-473E-B762-4676195F93FB}.Release|x86.ActiveCfg = Release|Any CPU
		{73D438DA-BDCA-473E-B762-4676195F93FB}.Release|x86.Build.0 = Release|Any CPU
		{CD34FFFD-AF4A-460A-BEE5-5C813B43D24A}.Debug|Any CPU.ActiveCfg = Debug|Any CPU
		{CD34FFFD-AF4A-460A-BEE5-5C813B43D24A}.Debug|Any CPU.Build.0 = Debug|Any CPU
		{CD34FFFD-AF4A-460A-BEE5-5C813B43D24A}.Debug|x64.ActiveCfg = Debug|Any CPU
		{CD34FFFD-AF4A-460A-BEE5-5C813B43D24A}.Debug|x64.Build.0 = Debug|Any CPU
		{CD34FFFD-AF4A-460A-BEE5-5C813B43D24A}.Debug|x86.ActiveCfg = Debug|Any CPU
		{CD34FFFD-AF4A-460A-BEE5-5C813B43D24A}.Debug|x86.Build.0 = Debug|Any CPU
		{CD34FFFD-AF4A-460A-BEE5-5C813B43D24A}.Release|Any CPU.ActiveCfg = Release|Any CPU
		{CD34FFFD-AF4A-460A-BEE5-5C813B43D24A}.Release|Any CPU.Build.0 = Release|Any CPU
		{CD34FFFD-AF4A-460A-BEE5-5C813B43D24A}.Release|x64.ActiveCfg = Release|Any CPU
		{CD34FFFD-AF4A-460A-BEE5-5C813B43D24A}.Release|x64.Build.0 = Release|Any CPU
		{CD34FFFD-AF4A-460A-BEE5-5C813B43D24A}.Release|x86.ActiveCfg = Release|Any CPU
		{CD34FFFD-AF4A-460A-BEE5-5C813B43D24A}.Release|x86.Build.0 = Release|Any CPU
	EndGlobalSection
	GlobalSection(SolutionProperties) = preSolution
		HideSolutionNode = FALSE
	EndGlobalSection
	GlobalSection(NestedProjects) = preSolution
		{405C6A98-0A71-4068-A79D-7C33212F8B19} = {A1521F5E-180F-40D7-BF00-95FD87E02A86}
		{E5732072-5C7E-41A0-8D9B-0692E5E63CD4} = {A1521F5E-180F-40D7-BF00-95FD87E02A86}
		{1D4483B1-A1F5-4EC5-8644-9BBF570B579D} = {A1521F5E-180F-40D7-BF00-95FD87E02A86}
		{98E21F34-B81D-4CA6-9F3B-4E58B43A9ED9} = {405C6A98-0A71-4068-A79D-7C33212F8B19}
		{3A2815C0-8A95-466F-977B-28D7D06A6625} = {405C6A98-0A71-4068-A79D-7C33212F8B19}
		{36CE95AF-4015-4CB8-9594-E138DDEC05F4} = {405C6A98-0A71-4068-A79D-7C33212F8B19}
		{34ECB994-3C9A-451F-BBB5-36EB024120B2} = {0C5269DE-00F8-FCAC-0487-7E5BFE9EAF06}
		{73D438DA-BDCA-473E-B762-4676195F93FB} = {0C5269DE-00F8-FCAC-0487-7E5BFE9EAF06}
		{CD34FFFD-AF4A-460A-BEE5-5C813B43D24A} = {0C5269DE-00F8-FCAC-0487-7E5BFE9EAF06}
	EndGlobalSection
EndGlobal
