{
  "name": "DriveCoreSystem",
  "lockfileVersion": 3,
  "requires": true,
  "packages": {
    "": {
      "dependencies": {
        "zxing": "^0.1.2"
      }
    },
    "node_modules/zxing": {
      "version": "0.1.2",
      "resolved": "https://registry.npmjs.org/zxing/-/zxing-0.1.2.tgz",
      "integrity": "sha512-IKk8GEvdgELPu3qqKUXvD7RFpiC84foJ0R6sjQVZVhikbmhwJ5UItZCi5lFuJJlImtack/0yI3N3RzyPLvjfmw==",
      "deprecated": "zxing is no longer maintained. Please use qrcode-reader",
      "license": "Apache-2.0"
    }
  }
}
